<?xml version="1.0" encoding="utf-8"?>
<Project ToolsVersion="4.0" xmlns="http://schemas.microsoft.com/developer/msbuild/2003">
  <ItemGroup>
    <Filter Include="Source Files">
      <UniqueIdentifier>{4FC737F1-C7A5-4376-A066-2A32D752A2FF}</UniqueIdentifier>
      <Extensions>cpp;c;cc;cxx;def;odl;idl;hpj;bat;asm;asmx</Extensions>
    </Filter>
    <Filter Include="Header Files">
      <UniqueIdentifier>{93995380-89BD-4b04-88EB-625FBE52EBFB}</UniqueIdentifier>
      <Extensions>h;hpp;hxx;hm;inl;inc;xsd</Extensions>
    </Filter>
    <Filter Include="Resource Files">
      <UniqueIdentifier>{67DA6AB6-F800-4c08-8B7A-83BB121AAD01}</UniqueIdentifier>
      <Extensions>rc;ico;cur;bmp;dlg;rc2;rct;bin;rgs;gif;jpg;jpeg;jpe;resx;tiff;tif;png;wav;mfcribbon-ms</Extensions>
    </Filter>
    <Filter Include="DirectXHandler">
      <UniqueIdentifier>{36d0bec2-972c-457c-8de7-a952ab331268}</UniqueIdentifier>
    </Filter>
    <Filter Include="Global">
      <UniqueIdentifier>{fd79f703-5ef6-4490-a823-f5edd994bcfc}</UniqueIdentifier>
    </Filter>
    <Filter Include="StaticObject">
      <UniqueIdentifier>{cf29199c-4fa0-45ad-8de0-19274fc86856}</UniqueIdentifier>
    </Filter>
    <Filter Include="StaticObject\Sight">
      <UniqueIdentifier>{3c18be63-38f4-472f-b9c5-3646379f4ca0}</UniqueIdentifier>
    </Filter>
    <Filter Include="Resource">
      <UniqueIdentifier>{ee3b44eb-661e-438f-9905-7f51f0fd1d0a}</UniqueIdentifier>
    </Filter>
  </ItemGroup>
  <ItemGroup>
    <ClCompile Include="Main.cpp">
      <Filter>Global</Filter>
    </ClCompile>
    <ClCompile Include="DirectX.cpp">
      <Filter>DirectXHandler</Filter>
    </ClCompile>
    <ClCompile Include="Game.cpp">
      <Filter>Global</Filter>
    </ClCompile>
    <ClCompile Include="GlobalHandler.cpp">
      <Filter>Global</Filter>
    </ClCompile>
    <ClCompile Include="Sprite.cpp">
      <Filter>Global</Filter>
    </ClCompile>
    <ClCompile Include="Object.cpp">
      <Filter>Global</Filter>
    </ClCompile>
    <ClCompile Include="StaticObject.cpp">
      <Filter>StaticObject</Filter>
    </ClCompile>
    <ClCompile Include="Cloud.cpp">
      <Filter>StaticObject\Sight</Filter>
    </ClCompile>
    <ClCompile Include="ListTexture.cpp">
      <Filter>Resource</Filter>
    </ClCompile>
  </ItemGroup>
  <ItemGroup>
    <ClInclude Include="Define.h">
      <Filter>Global</Filter>
    </ClInclude>
    <ClInclude Include="DirectX.h">
      <Filter>DirectXHandler</Filter>
    </ClInclude>
    <ClInclude Include="Game.h">
      <Filter>Global</Filter>
    </ClInclude>
    <ClInclude Include="GlobalHandler.h">
      <Filter>Global</Filter>
    </ClInclude>
    <ClInclude Include="Sprite.h">
      <Filter>Global</Filter>
    </ClInclude>
    <ClInclude Include="Object.h">
      <Filter>Global</Filter>
    </ClInclude>
    <ClInclude Include="StaticObject.h">
      <Filter>StaticObject</Filter>
    </ClInclude>
    <ClInclude Include="Cloud.h">
      <Filter>StaticObject\Sight</Filter>
    </ClInclude>
    <ClInclude Include="ListTexture.h">
      <Filter>Resource</Filter>
    </ClInclude>
  </ItemGroup>
</Project>