<?xml version="1.0" encoding="utf-8"?>
<Project ToolsVersion="4.0" xmlns="http://schemas.microsoft.com/developer/msbuild/2003">
  <ItemGroup>
    <Filter Include="DirectXHandler">
      <UniqueIdentifier>{36d0bec2-972c-457c-8de7-a952ab331268}</UniqueIdentifier>
    </Filter>
    <Filter Include="Global">
      <UniqueIdentifier>{fd79f703-5ef6-4490-a823-f5edd994bcfc}</UniqueIdentifier>
    </Filter>
    <Filter Include="StaticObject">
      <UniqueIdentifier>{cf29199c-4fa0-45ad-8de0-19274fc86856}</UniqueIdentifier>
    </Filter>
    <Filter Include="StaticObject\Sight">
      <UniqueIdentifier>{3c18be63-38f4-472f-b9c5-3646379f4ca0}</UniqueIdentifier>
    </Filter>
    <Filter Include="Resource">
      <UniqueIdentifier>{ee3b44eb-661e-438f-9905-7f51f0fd1d0a}</UniqueIdentifier>
    </Filter>
    <Filter Include="StaticObject\CanCollide">
      <UniqueIdentifier>{294ea39b-3d30-46b6-9f87-269cc0fc18a8}</UniqueIdentifier>
    </Filter>
    <Filter Include="QuadTree">
      <UniqueIdentifier>{393cede8-e376-48a7-b310-e6ad3be44ca3}</UniqueIdentifier>
    </Filter>
    <Filter Include="Debug">
      <UniqueIdentifier>{0cde186a-e928-4665-877b-e72a59db0250}</UniqueIdentifier>
    </Filter>
    <Filter Include="DynamicObject">
      <UniqueIdentifier>{52ece45e-0825-445f-9a04-86f743a8c960}</UniqueIdentifier>
    </Filter>
    <Filter Include="DynamicObject\Player">
      <UniqueIdentifier>{3b37879e-083b-47a7-95d6-7159dd4c7cf0}</UniqueIdentifier>
    </Filter>
    <Filter Include="Collision">
      <UniqueIdentifier>{9d2d1a13-9daf-40f4-9935-e5ed6fc89e25}</UniqueIdentifier>
    </Filter>
    <Filter Include="DynamicObject\Brick">
      <UniqueIdentifier>{a7aa4dcf-5ef7-431a-8999-46db0119e69d}</UniqueIdentifier>
    </Filter>
    <Filter Include="DynamicObject\Enemy">
      <UniqueIdentifier>{2aa84241-d020-4851-91aa-124c806d823c}</UniqueIdentifier>
    </Filter>
    <Filter Include="DynamicObject\Cross">
      <UniqueIdentifier>{edad8a29-1df8-4dee-baf7-fbc74b789e8f}</UniqueIdentifier>
    </Filter>
    <Filter Include="DynamicObject\Text">
      <UniqueIdentifier>{d0a14cb7-1c50-49c4-8e1b-6e5603b1b846}</UniqueIdentifier>
    </Filter>
    <Filter Include="DynamicObject\Score">
      <UniqueIdentifier>{ffb5eb7f-3b45-427f-97ef-e558334fd225}</UniqueIdentifier>
    </Filter>
    <Filter Include="GameState">
      <UniqueIdentifier>{99fd7597-bd43-493c-ab70-c4d604cd2db9}</UniqueIdentifier>
    </Filter>
  </ItemGroup>
  <ItemGroup>
    <ClCompile Include="Main.cpp">
      <Filter>Global</Filter>
    </ClCompile>
    <ClCompile Include="DirectX.cpp">
      <Filter>DirectXHandler</Filter>
    </ClCompile>
    <ClCompile Include="Game.cpp">
      <Filter>Global</Filter>
    </ClCompile>
    <ClCompile Include="GlobalHandler.cpp">
      <Filter>Global</Filter>
    </ClCompile>
    <ClCompile Include="Sprite.cpp">
      <Filter>Global</Filter>
    </ClCompile>
    <ClCompile Include="Object.cpp">
      <Filter>Global</Filter>
    </ClCompile>
    <ClCompile Include="StaticObject.cpp">
      <Filter>StaticObject</Filter>
    </ClCompile>
    <ClCompile Include="Cloud.cpp">
      <Filter>StaticObject\Sight</Filter>
    </ClCompile>
    <ClCompile Include="ListTexture.cpp">
      <Filter>Resource</Filter>
    </ClCompile>
    <ClCompile Include="Fence.cpp">
      <Filter>StaticObject\Sight</Filter>
    </ClCompile>
    <ClCompile Include="Grass.cpp">
      <Filter>StaticObject\Sight</Filter>
    </ClCompile>
    <ClCompile Include="Ground.cpp">
      <Filter>StaticObject\Sight</Filter>
    </ClCompile>
    <ClCompile Include="HighTree.cpp">
      <Filter>StaticObject\Sight</Filter>
    </ClCompile>
    <ClCompile Include="LowTree.cpp">
      <Filter>StaticObject\Sight</Filter>
    </ClCompile>
    <ClCompile Include="Mountain.cpp">
      <Filter>StaticObject\Sight</Filter>
    </ClCompile>
    <ClCompile Include="Pipe.cpp">
      <Filter>StaticObject\Sight</Filter>
    </ClCompile>
    <ClCompile Include="Coin.cpp">
      <Filter>StaticObject\CanCollide</Filter>
    </ClCompile>
    <ClCompile Include="trace.cpp">
      <Filter>Debug</Filter>
    </ClCompile>
    <ClCompile Include="ListTerrain.cpp">
      <Filter>Resource</Filter>
    </ClCompile>
    <ClCompile Include="DynamicObject.cpp">
      <Filter>DynamicObject</Filter>
    </ClCompile>
    <ClCompile Include="DynamicObjManager.cpp">
      <Filter>DynamicObject</Filter>
    </ClCompile>
    <ClCompile Include="Player.cpp">
      <Filter>DynamicObject\Player</Filter>
    </ClCompile>
    <ClCompile Include="HardBrick.cpp">
      <Filter>StaticObject\CanCollide</Filter>
    </ClCompile>
    <ClCompile Include="Box.cpp">
      <Filter>Collision</Filter>
    </ClCompile>
    <ClCompile Include="QuadNode.cpp">
      <Filter>QuadTree</Filter>
    </ClCompile>
    <ClCompile Include="QuadTree.cpp">
      <Filter>QuadTree</Filter>
    </ClCompile>
    <ClCompile Include="Collision.cpp">
      <Filter>Collision</Filter>
    </ClCompile>
    <ClCompile Include="Brick.cpp">
      <Filter>StaticObject\CanCollide</Filter>
    </ClCompile>
    <ClCompile Include="BrickBreak.cpp">
      <Filter>DynamicObject\Brick</Filter>
    </ClCompile>
    <ClCompile Include="dsutil.cpp">
      <Filter>DirectXHandler</Filter>
    </ClCompile>
    <ClCompile Include="DXSound.cpp">
      <Filter>DirectXHandler</Filter>
    </ClCompile>
    <ClCompile Include="ListSound.cpp">
      <Filter>Resource</Filter>
    </ClCompile>
    <ClCompile Include="BonusBrick.cpp">
      <Filter>StaticObject\CanCollide</Filter>
    </ClCompile>
    <ClCompile Include="Enemy.cpp">
      <Filter>DynamicObject\Enemy</Filter>
    </ClCompile>
    <ClCompile Include="BonusMushroom.cpp">
      <Filter>DynamicObject\Enemy</Filter>
    </ClCompile>
    <ClCompile Include="CoinPickUp.cpp">
      <Filter>DynamicObject\Brick</Filter>
    </ClCompile>
    <ClCompile Include="MushroomEnemy.cpp">
      <Filter>DynamicObject\Enemy</Filter>
    </ClCompile>
    <ClCompile Include="TurtleEnemy.cpp">
      <Filter>DynamicObject\Enemy</Filter>
    </ClCompile>
    <ClCompile Include="PirhanaPlant.cpp">
      <Filter>DynamicObject\Enemy</Filter>
    </ClCompile>
    <ClCompile Include="Bullet.cpp">
      <Filter>DynamicObject\Enemy</Filter>
    </ClCompile>
    <ClCompile Include="Cross.cpp">
      <Filter>DynamicObject\Cross</Filter>
    </ClCompile>
    <ClCompile Include="GroundMushRoom.cpp">
      <Filter>StaticObject\Sight</Filter>
    </ClCompile>
    <ClCompile Include="GroundUnderMushRoom.cpp">
      <Filter>StaticObject\Sight</Filter>
    </ClCompile>
    <ClCompile Include="Text.cpp">
      <Filter>DynamicObject\Text</Filter>
    </ClCompile>
    <ClCompile Include="Score.cpp">
      <Filter>DynamicObject\Score</Filter>
    </ClCompile>
    <ClCompile Include="Menu.cpp">
      <Filter>GameState</Filter>
    </ClCompile>
    <ClCompile Include="Option.cpp">
      <Filter>GameState</Filter>
    </ClCompile>
    <ClCompile Include="ChangeMap.cpp">
      <Filter>GameState</Filter>
    </ClCompile>
    <ClCompile Include="GameOption.cpp">
      <Filter>GameState</Filter>
    </ClCompile>
    <ClCompile Include="EndMap.cpp">
      <Filter>StaticObject\CanCollide</Filter>
    </ClCompile>
    <ClCompile Include="SaveGame.cpp">
      <Filter>Global</Filter>
    </ClCompile>
  </ItemGroup>
  <ItemGroup>
    <ClInclude Include="Define.h">
      <Filter>Global</Filter>
    </ClInclude>
    <ClInclude Include="DirectX.h">
      <Filter>DirectXHandler</Filter>
    </ClInclude>
    <ClInclude Include="Game.h">
      <Filter>Global</Filter>
    </ClInclude>
    <ClInclude Include="GlobalHandler.h">
      <Filter>Global</Filter>
    </ClInclude>
    <ClInclude Include="Sprite.h">
      <Filter>Global</Filter>
    </ClInclude>
    <ClInclude Include="Object.h">
      <Filter>Global</Filter>
    </ClInclude>
    <ClInclude Include="StaticObject.h">
      <Filter>StaticObject</Filter>
    </ClInclude>
    <ClInclude Include="Cloud.h">
      <Filter>StaticObject\Sight</Filter>
    </ClInclude>
    <ClInclude Include="ListTexture.h">
      <Filter>Resource</Filter>
    </ClInclude>
    <ClInclude Include="Fence.h">
      <Filter>StaticObject\Sight</Filter>
    </ClInclude>
    <ClInclude Include="Grass.h">
      <Filter>StaticObject\Sight</Filter>
    </ClInclude>
    <ClInclude Include="Ground.h">
      <Filter>StaticObject\Sight</Filter>
    </ClInclude>
    <ClInclude Include="HighTree.h">
      <Filter>StaticObject\Sight</Filter>
    </ClInclude>
    <ClInclude Include="LowTree.h">
      <Filter>StaticObject\Sight</Filter>
    </ClInclude>
    <ClInclude Include="Mountain.h">
      <Filter>StaticObject\Sight</Filter>
    </ClInclude>
    <ClInclude Include="Pipe.h">
      <Filter>StaticObject\Sight</Filter>
    </ClInclude>
    <ClInclude Include="Coin.h">
      <Filter>StaticObject\CanCollide</Filter>
    </ClInclude>
    <ClInclude Include="trace.h">
      <Filter>Debug</Filter>
    </ClInclude>
    <ClInclude Include="ListTerrain.h">
      <Filter>Resource</Filter>
    </ClInclude>
    <ClInclude Include="DynamicObject.h">
      <Filter>DynamicObject</Filter>
    </ClInclude>
    <ClInclude Include="DynamicObjManager.h">
      <Filter>DynamicObject</Filter>
    </ClInclude>
    <ClInclude Include="Player.h">
      <Filter>DynamicObject\Player</Filter>
    </ClInclude>
    <ClInclude Include="HardBrick.h">
      <Filter>StaticObject\CanCollide</Filter>
    </ClInclude>
    <ClInclude Include="Box.h">
      <Filter>Collision</Filter>
    </ClInclude>
    <ClInclude Include="QuadNode.h">
      <Filter>QuadTree</Filter>
    </ClInclude>
    <ClInclude Include="QuadTree.h">
      <Filter>QuadTree</Filter>
    </ClInclude>
    <ClInclude Include="Collision.h">
      <Filter>Collision</Filter>
    </ClInclude>
    <ClInclude Include="Brick.h">
      <Filter>StaticObject\CanCollide</Filter>
    </ClInclude>
    <ClInclude Include="BrickBreak.h">
      <Filter>DynamicObject\Brick</Filter>
    </ClInclude>
    <ClInclude Include="dsutil.h">
      <Filter>DirectXHandler</Filter>
    </ClInclude>
    <ClInclude Include="DXSound.h">
      <Filter>DirectXHandler</Filter>
    </ClInclude>
    <ClInclude Include="ListSound.h">
      <Filter>Resource</Filter>
    </ClInclude>
    <ClInclude Include="BonusBrick.h">
      <Filter>StaticObject\CanCollide</Filter>
    </ClInclude>
    <ClInclude Include="Enemy.h">
      <Filter>DynamicObject\Enemy</Filter>
    </ClInclude>
    <ClInclude Include="BonusMushroom.h">
      <Filter>DynamicObject\Enemy</Filter>
    </ClInclude>
    <ClInclude Include="CoinPickUp.h">
      <Filter>DynamicObject\Brick</Filter>
    </ClInclude>
    <ClInclude Include="MushroomEnemy.h">
      <Filter>DynamicObject\Enemy</Filter>
    </ClInclude>
    <ClInclude Include="TurtleEnemy.h">
      <Filter>DynamicObject\Enemy</Filter>
    </ClInclude>
    <ClInclude Include="PirhanaPlant.h">
      <Filter>DynamicObject\Enemy</Filter>
    </ClInclude>
    <ClInclude Include="Bullet.h">
      <Filter>DynamicObject\Enemy</Filter>
    </ClInclude>
    <ClInclude Include="Cross.h">
      <Filter>DynamicObject\Cross</Filter>
    </ClInclude>
    <ClInclude Include="GroundMushRoom.h">
      <Filter>StaticObject\Sight</Filter>
    </ClInclude>
    <ClInclude Include="GroundUnderMushRoom.h">
      <Filter>StaticObject\Sight</Filter>
    </ClInclude>
    <ClInclude Include="Text.h">
      <Filter>DynamicObject\Text</Filter>
    </ClInclude>
    <ClInclude Include="Score.h">
      <Filter>DynamicObject\Score</Filter>
    </ClInclude>
    <ClInclude Include="Menu.h">
      <Filter>GameState</Filter>
    </ClInclude>
    <ClInclude Include="Option.h">
      <Filter>GameState</Filter>
    </ClInclude>
    <ClInclude Include="ChangeMap.h">
      <Filter>GameState</Filter>
    </ClInclude>
    <ClInclude Include="GameOption.h">
      <Filter>GameState</Filter>
    </ClInclude>
    <ClInclude Include="EndMap.h">
      <Filter>StaticObject\CanCollide</Filter>
    </ClInclude>
    <ClInclude Include="SaveGame.h">
      <Filter>Global</Filter>
    </ClInclude>
  </ItemGroup>
</Project>