
Microsoft Visual Studio Solution File, Format Version 11.00
# Visual Studio 2010
Project("{8BC9CEB8-8B4A-11D0-8D11-00A0C91BC942}") = "best_mario", "best_mario\best_mario.vcxproj", "{50E6EEB1-D65D-4DB3-9D33-8B4766915AEA}"
EndProject
Global
	GlobalSection(SolutionConfigurationPlatforms) = preSolution
		Debug|Win32 = Debug|Win32
		Release|Win32 = Release|Win32
	EndGlobalSection
	GlobalSection(ProjectConfigurationPlatforms) = postSolution
		{50E6EEB1-D65D-4DB3-9D33-8B4766915AEA}.Debug|Win32.ActiveCfg = Debug|Win32
		{50E6EEB1-D65D-4DB3-9D33-8B4766915AEA}.Debug|Win32.Build.0 = Debug|Win32
		{50E6EEB1-D65D-4DB3-9D33-8B4766915AEA}.Release|Win32.ActiveCfg = Release|Win32
		{50E6EEB1-D65D-4DB3-9D33-8B4766915AEA}.Release|Win32.Build.0 = Release|Win32
	EndGlobalSection
	GlobalSection(SolutionProperties) = preSolution
		HideSolutionNode = FALSE
	EndGlobalSection
EndGlobal
