
Microsoft Visual Studio Solution File, Format Version 11.00
# Visual Studio 2010
Project("{8BC9CEB8-8B4A-11D0-8D11-00A0C91BC942}") = "DemoCuaSo", "DemoCuaSo\DemoCuaSo.vcxproj", "{BE8B4F2B-096B-4514-958E-8CAF1623377A}"
EndProject
Global
	GlobalSection(SolutionConfigurationPlatforms) = preSolution
		Debug|Win32 = Debug|Win32
		Release|Win32 = Release|Win32
	EndGlobalSection
	GlobalSection(ProjectConfigurationPlatforms) = postSolution
		{BE8B4F2B-096B-4514-958E-8CAF1623377A}.Debug|Win32.ActiveCfg = Debug|Win32
		{BE8B4F2B-096B-4514-958E-8CAF1623377A}.Debug|Win32.Build.0 = Debug|Win32
		{BE8B4F2B-096B-4514-958E-8CAF1623377A}.Release|Win32.ActiveCfg = Release|Win32
		{BE8B4F2B-096B-4514-958E-8CAF1623377A}.Release|Win32.Build.0 = Release|Win32
	EndGlobalSection
	GlobalSection(SolutionProperties) = preSolution
		HideSolutionNode = FALSE
	EndGlobalSection
EndGlobal
